
Microsoft Visual Studio Solution File, Format Version 12.00
# Visual Studio 15
VisualStudioVersion = 15.0.28307.168
MinimumVisualStudioVersion = 10.0.40219.1
Project("{FAE04EC0-301F-11D3-BF4B-00C04F79EFBC}") = "LoggingAndTimingIdea", "LoggingAndTimingIdea\LoggingAndTimingIdea.csproj", "{89EE39D0-7B17-4A73-8CF5-C68F51F5305C}"
EndProject
Project("{FAE04EC0-301F-11D3-BF4B-00C04F79EFBC}") = "TopherLog", "TopherLog\TopherLog.csproj", "{228F40F1-BBFD-4B06-B84B-8511E0A31C4F}"
EndProject
Global
	GlobalSection(SolutionConfigurationPlatforms) = preSolution
		Debug|Any CPU = Debug|Any CPU
		Release|Any CPU = Release|Any CPU
	EndGlobalSection
	GlobalSection(ProjectConfigurationPlatforms) = postSolution
		{89EE39D0-7B17-4A73-8CF5-C68F51F5305C}.Debug|Any CPU.ActiveCfg = Debug|Any CPU
		{89EE39D0-7B17-4A73-8CF5-C68F51F5305C}.Debug|Any CPU.Build.0 = Debug|Any CPU
		{89EE39D0-7B17-4A73-8CF5-C68F51F5305C}.Release|Any CPU.ActiveCfg = Release|Any CPU
		{89EE39D0-7B17-4A73-8CF5-C68F51F5305C}.Release|Any CPU.Build.0 = Release|Any CPU
		{228F40F1-BBFD-4B06-B84B-8511E0A31C4F}.Debug|Any CPU.ActiveCfg = Debug|Any CPU
		{228F40F1-BBFD-4B06-B84B-8511E0A31C4F}.Debug|Any CPU.Build.0 = Debug|Any CPU
		{228F40F1-BBFD-4B06-B84B-8511E0A31C4F}.Release|Any CPU.ActiveCfg = Release|Any CPU
		{228F40F1-BBFD-4B06-B84B-8511E0A31C4F}.Release|Any CPU.Build.0 = Release|Any CPU
	EndGlobalSection
	GlobalSection(SolutionProperties) = preSolution
		HideSolutionNode = FALSE
	EndGlobalSection
	GlobalSection(ExtensibilityGlobals) = postSolution
		SolutionGuid = {B17618C1-E614-40FC-8683-B2BA270C7D35}
	EndGlobalSection
EndGlobal
